
Microsoft Visual Studio Solution File, Format Version 12.00
# Visual Studio Version 17
VisualStudioVersion = 17.10.35122.118
MinimumVisualStudioVersion = 10.0.40219.1
Project("{9A19103F-16F7-4668-BE54-9A1E7A4F7556}") = "AuthExampleClient.Services", "AuthExampleClient.Services\AuthExampleClient.Services.csproj", "{B439D192-281A-4950-8429-94C2C19C8B9F}"
EndProject
Project("{9A19103F-16F7-4668-BE54-9A1E7A4F7556}") = "AuthExampleClient.DTOs", "AuthExampleClient.DTOs\AuthExampleClient.DTOs.csproj", "{68B3C3F5-56E7-4F53-8D6F-2DB91E5238C2}"
EndProject
Project("{FAE04EC0-301F-11D3-BF4B-00C04F79EFBC}") = "AuthExampleClient.UI", "AuthExampleClient.UI\AuthExampleClient.UI.csproj", "{D2F2281F-914A-4E4F-99B4-3776576053C7}"
EndProject
Global
	GlobalSection(SolutionConfigurationPlatforms) = preSolution
		Debug|Any CPU = Debug|Any CPU
		Release|Any CPU = Release|Any CPU
	EndGlobalSection
	GlobalSection(ProjectConfigurationPlatforms) = postSolution
		{B439D192-281A-4950-8429-94C2C19C8B9F}.Debug|Any CPU.ActiveCfg = Debug|Any CPU
		{B439D192-281A-4950-8429-94C2C19C8B9F}.Debug|Any CPU.Build.0 = Debug|Any CPU
		{B439D192-281A-4950-8429-94C2C19C8B9F}.Release|Any CPU.ActiveCfg = Release|Any CPU
		{B439D192-281A-4950-8429-94C2C19C8B9F}.Release|Any CPU.Build.0 = Release|Any CPU
		{68B3C3F5-56E7-4F53-8D6F-2DB91E5238C2}.Debug|Any CPU.ActiveCfg = Debug|Any CPU
		{68B3C3F5-56E7-4F53-8D6F-2DB91E5238C2}.Debug|Any CPU.Build.0 = Debug|Any CPU
		{68B3C3F5-56E7-4F53-8D6F-2DB91E5238C2}.Release|Any CPU.ActiveCfg = Release|Any CPU
		{68B3C3F5-56E7-4F53-8D6F-2DB91E5238C2}.Release|Any CPU.Build.0 = Release|Any CPU
		{D2F2281F-914A-4E4F-99B4-3776576053C7}.Debug|Any CPU.ActiveCfg = Debug|Any CPU
		{D2F2281F-914A-4E4F-99B4-3776576053C7}.Debug|Any CPU.Build.0 = Debug|Any CPU
		{D2F2281F-914A-4E4F-99B4-3776576053C7}.Release|Any CPU.ActiveCfg = Release|Any CPU
		{D2F2281F-914A-4E4F-99B4-3776576053C7}.Release|Any CPU.Build.0 = Release|Any CPU
	EndGlobalSection
	GlobalSection(SolutionProperties) = preSolution
		HideSolutionNode = FALSE
	EndGlobalSection
	GlobalSection(ExtensibilityGlobals) = postSolution
		SolutionGuid = {8284142E-2E1C-4DC5-95FD-6F2EFB12A9E1}
	EndGlobalSection
EndGlobal
